
Microsoft Visual Studio Solution File, Format Version 12.00
# Visual Studio 15
VisualStudioVersion = 15.0.26730.16
MinimumVisualStudioVersion = 10.0.40219.1
Project("{FAE04EC0-301F-11D3-BF4B-00C04F79EFBC}") = "Draughts.App", "Draughts.App\Draughts.App.csproj", "{1ECF6070-FD33-4A4E-943D-EBAAC9ECAAFA}"
EndProject
Project("{FAE04EC0-301F-11D3-BF4B-00C04F79EFBC}") = "Draughs.NeuralNetwork", "Draughs.NeuralNetwork\Draughs.NeuralNetwork.csproj", "{5D0FB757-1F9D-4BB5-B69B-D531EE0E0AEA}"
EndProject
Global
	GlobalSection(SolutionConfigurationPlatforms) = preSolution
		Debug|Any CPU = Debug|Any CPU
		Release|Any CPU = Release|Any CPU
	EndGlobalSection
	GlobalSection(ProjectConfigurationPlatforms) = postSolution
		{1ECF6070-FD33-4A4E-943D-EBAAC9ECAAFA}.Debug|Any CPU.ActiveCfg = Debug|Any CPU
		{1ECF6070-FD33-4A4E-943D-EBAAC9ECAAFA}.Debug|Any CPU.Build.0 = Debug|Any CPU
		{1ECF6070-FD33-4A4E-943D-EBAAC9ECAAFA}.Release|Any CPU.ActiveCfg = Release|Any CPU
		{1ECF6070-FD33-4A4E-943D-EBAAC9ECAAFA}.Release|Any CPU.Build.0 = Release|Any CPU
		{5D0FB757-1F9D-4BB5-B69B-D531EE0E0AEA}.Debug|Any CPU.ActiveCfg = Debug|Any CPU
		{5D0FB757-1F9D-4BB5-B69B-D531EE0E0AEA}.Debug|Any CPU.Build.0 = Debug|Any CPU
		{5D0FB757-1F9D-4BB5-B69B-D531EE0E0AEA}.Release|Any CPU.ActiveCfg = Release|Any CPU
		{5D0FB757-1F9D-4BB5-B69B-D531EE0E0AEA}.Release|Any CPU.Build.0 = Release|Any CPU
	EndGlobalSection
	GlobalSection(SolutionProperties) = preSolution
		HideSolutionNode = FALSE
	EndGlobalSection
	GlobalSection(ExtensibilityGlobals) = postSolution
		SolutionGuid = {0D6F0742-ECC9-480D-AEC5-1D821593864C}
	EndGlobalSection
EndGlobal
